
Microsoft Visual Studio Solution File, Format Version 12.00
# Visual Studio Version 17
VisualStudioVersion = 17.0.31912.275
MinimumVisualStudioVersion = 10.0.40219.1
Project("{FAE04EC0-301F-11D3-BF4B-00C04F79EFBC}") = "SaveDatHelper", "SaveDatHelper.csproj", "{6625FB97-3FB6-484A-B138-1631E662E605}"
EndProject
Project("{54435603-DBB4-11D2-8724-00A0C9A8B90C}") = "SDHelper Setup", "..\SDHelper Setup\SDHelper Setup.vdproj", "{0838A219-4D6E-494A-BCED-C404CEB00461}"
EndProject
Global
	GlobalSection(SolutionConfigurationPlatforms) = preSolution
		Debug|Any CPU = Debug|Any CPU
		Debug|x86 = Debug|x86
		Release|Any CPU = Release|Any CPU
		Release|x86 = Release|x86
	EndGlobalSection
	GlobalSection(ProjectConfigurationPlatforms) = postSolution
		{6625FB97-3FB6-484A-B138-1631E662E605}.Debug|Any CPU.ActiveCfg = Debug|Any CPU
		{6625FB97-3FB6-484A-B138-1631E662E605}.Debug|Any CPU.Build.0 = Debug|Any CPU
		{6625FB97-3FB6-484A-B138-1631E662E605}.Debug|x86.ActiveCfg = Debug|x86
		{6625FB97-3FB6-484A-B138-1631E662E605}.Debug|x86.Build.0 = Debug|x86
		{6625FB97-3FB6-484A-B138-1631E662E605}.Release|Any CPU.ActiveCfg = Release|Any CPU
		{6625FB97-3FB6-484A-B138-1631E662E605}.Release|Any CPU.Build.0 = Release|Any CPU
		{6625FB97-3FB6-484A-B138-1631E662E605}.Release|x86.ActiveCfg = Release|x86
		{6625FB97-3FB6-484A-B138-1631E662E605}.Release|x86.Build.0 = Release|x86
		{0838A219-4D6E-494A-BCED-C404CEB00461}.Debug|Any CPU.ActiveCfg = Debug
		{0838A219-4D6E-494A-BCED-C404CEB00461}.Debug|x86.ActiveCfg = Debug
		{0838A219-4D6E-494A-BCED-C404CEB00461}.Debug|x86.Build.0 = Debug
		{0838A219-4D6E-494A-BCED-C404CEB00461}.Release|Any CPU.ActiveCfg = Release
		{0838A219-4D6E-494A-BCED-C404CEB00461}.Release|x86.ActiveCfg = Release
		{0838A219-4D6E-494A-BCED-C404CEB00461}.Release|x86.Build.0 = Release
	EndGlobalSection
	GlobalSection(SolutionProperties) = preSolution
		HideSolutionNode = FALSE
	EndGlobalSection
	GlobalSection(ExtensibilityGlobals) = postSolution
		SolutionGuid = {353C56AD-355E-45F1-9781-66F9E187CC56}
	EndGlobalSection
EndGlobal
